// !$*UTF8*$!
{
	archiveVersion = 1;
	classes = {
	};
	objectVersion = 56;
	objects = {

/* Begin PBXBuildFile section */
		6F039D742C4F128C0062AB63 /* PueblosMagicosApp.swift in Sources */ = {isa = PBXBuildFile; fileRef = 6F039D732C4F128C0062AB63 /* PueblosMagicosApp.swift */; };
		6F039D762C4F128C0062AB63 /* MainView.swift in Sources */ = {isa = PBXBuildFile; fileRef = 6F039D752C4F128C0062AB63 /* MainView.swift */; };
		6F039D782C4F128F0062AB63 /* Assets.xcassets in Resources */ = {isa = PBXBuildFile; fileRef = 6F039D772C4F128F0062AB63 /* Assets.xcassets */; };
		6F039D7B2C4F128F0062AB63 /* Preview Assets.xcassets in Resources */ = {isa = PBXBuildFile; fileRef = 6F039D7A2C4F128F0062AB63 /* Preview Assets.xcassets */; };
		6F039D822C4F12BC0062AB63 /* data.json in Resources */ = {isa = PBXBuildFile; fileRef = 6F039D812C4F12BC0062AB63 /* data.json */; };
		6F4F5D162C5090B8008CC9D9 /* StateCard.swift in Sources */ = {isa = PBXBuildFile; fileRef = 6F4F5D152C5090B8008CC9D9 /* StateCard.swift */; };
		6F4F5D182C5090D2008CC9D9 /* PueblosCard.swift in Sources */ = {isa = PBXBuildFile; fileRef = 6F4F5D172C5090D2008CC9D9 /* PueblosCard.swift */; };
		6F4F5D1A2C5090E1008CC9D9 /* DetailView.swift in Sources */ = {isa = PBXBuildFile; fileRef = 6F4F5D192C5090E1008CC9D9 /* DetailView.swift */; };
		6F7859A02C51970200644762 /* StateButton.swift in Sources */ = {isa = PBXBuildFile; fileRef = 6F78599F2C51970200644762 /* StateButton.swift */; };
		6F7859A22C519C7800644762 /* State.swift in Sources */ = {isa = PBXBuildFile; fileRef = 6F7859A12C519C7800644762 /* State.swift */; };
		6F7859A42C519C8A00644762 /* Pueblo.swift in Sources */ = {isa = PBXBuildFile; fileRef = 6F7859A32C519C8A00644762 /* Pueblo.swift */; };
		6F7859A62C53051D00644762 /* DataService.swift in Sources */ = {isa = PBXBuildFile; fileRef = 6F7859A52C53051D00644762 /* DataService.swift */; };
/* End PBXBuildFile section */

/* Begin PBXFileReference section */
		6F039D702C4F128C0062AB63 /* PueblosMagicos.app */ = {isa = PBXFileReference; explicitFileType = wrapper.application; includeInIndex = 0; path = PueblosMagicos.app; sourceTree = BUILT_PRODUCTS_DIR; };
		6F039D732C4F128C0062AB63 /* PueblosMagicosApp.swift */ = {isa = PBXFileReference; lastKnownFileType = sourcecode.swift; path = PueblosMagicosApp.swift; sourceTree = "<group>"; };
		6F039D752C4F128C0062AB63 /* MainView.swift */ = {isa = PBXFileReference; lastKnownFileType = sourcecode.swift; path = MainView.swift; sourceTree = "<group>"; };
		6F039D772C4F128F0062AB63 /* Assets.xcassets */ = {isa = PBXFileReference; lastKnownFileType = folder.assetcatalog; path = Assets.xcassets; sourceTree = "<group>"; };
		6F039D7A2C4F128F0062AB63 /* Preview Assets.xcassets */ = {isa = PBXFileReference; lastKnownFileType = folder.assetcatalog; path = "Preview Assets.xcassets"; sourceTree = "<group>"; };
		6F039D812C4F12BC0062AB63 /* data.json */ = {isa = PBXFileReference; lastKnownFileType = text.json; path = data.json; sourceTree = "<group>"; };
		6F4F5D152C5090B8008CC9D9 /* StateCard.swift */ = {isa = PBXFileReference; lastKnownFileType = sourcecode.swift; path = StateCard.swift; sourceTree = "<group>"; };
		6F4F5D172C5090D2008CC9D9 /* PueblosCard.swift */ = {isa = PBXFileReference; lastKnownFileType = sourcecode.swift; path = PueblosCard.swift; sourceTree = "<group>"; };
		6F4F5D192C5090E1008CC9D9 /* DetailView.swift */ = {isa = PBXFileReference; lastKnownFileType = sourcecode.swift; path = DetailView.swift; sourceTree = "<group>"; };
		6F78599F2C51970200644762 /* StateButton.swift */ = {isa = PBXFileReference; lastKnownFileType = sourcecode.swift; path = StateButton.swift; sourceTree = "<group>"; };
		6F7859A12C519C7800644762 /* State.swift */ = {isa = PBXFileReference; lastKnownFileType = sourcecode.swift; path = State.swift; sourceTree = "<group>"; };
		6F7859A32C519C8A00644762 /* Pueblo.swift */ = {isa = PBXFileReference; lastKnownFileType = sourcecode.swift; path = Pueblo.swift; sourceTree = "<group>"; };
		6F7859A52C53051D00644762 /* DataService.swift */ = {isa = PBXFileReference; lastKnownFileType = sourcecode.swift; path = DataService.swift; sourceTree = "<group>"; };
/* End PBXFileReference section */

/* Begin PBXFrameworksBuildPhase section */
		6F039D6D2C4F128C0062AB63 /* Frameworks */ = {
			isa = PBXFrameworksBuildPhase;
			buildActionMask = 2147483647;
			files = (
			);
			runOnlyForDeploymentPostprocessing = 0;
		};
/* End PBXFrameworksBuildPhase section */

/* Begin PBXGroup section */
		6F039D672C4F128C0062AB63 = {
			isa = PBXGroup;
			children = (
				6F039D722C4F128C0062AB63 /* PueblosMagicos */,
				6F039D712C4F128C0062AB63 /* Products */,
			);
			sourceTree = "<group>";
		};
		6F039D712C4F128C0062AB63 /* Products */ = {
			isa = PBXGroup;
			children = (
				6F039D702C4F128C0062AB63 /* PueblosMagicos.app */,
			);
			name = Products;
			sourceTree = "<group>";
		};
		6F039D722C4F128C0062AB63 /* PueblosMagicos */ = {
			isa = PBXGroup;
			children = (
				6F039D732C4F128C0062AB63 /* PueblosMagicosApp.swift */,
				6F039D752C4F128C0062AB63 /* MainView.swift */,
				6F4F5D152C5090B8008CC9D9 /* StateCard.swift */,
				6F4F5D172C5090D2008CC9D9 /* PueblosCard.swift */,
				6F4F5D192C5090E1008CC9D9 /* DetailView.swift */,
				6F039D772C4F128F0062AB63 /* Assets.xcassets */,
				6F039D812C4F12BC0062AB63 /* data.json */,
				6F039D792C4F128F0062AB63 /* Preview Content */,
				6F78599F2C51970200644762 /* StateButton.swift */,
				6F7859A12C519C7800644762 /* State.swift */,
				6F7859A32C519C8A00644762 /* Pueblo.swift */,
				6F7859A52C53051D00644762 /* DataService.swift */,
			);
			path = PueblosMagicos;
			sourceTree = "<group>";
		};
		6F039D792C4F128F0062AB63 /* Preview Content */ = {
			isa = PBXGroup;
			children = (
				6F039D7A2C4F128F0062AB63 /* Preview Assets.xcassets */,
			);
			path = "Preview Content";
			sourceTree = "<group>";
		};
/* End PBXGroup section */

/* Begin PBXNativeTarget section */
		6F039D6F2C4F128C0062AB63 /* PueblosMagicos */ = {
			isa = PBXNativeTarget;
			buildConfigurationList = 6F039D7E2C4F128F0062AB63 /* Build configuration list for PBXNativeTarget "PueblosMagicos" */;
			buildPhases = (
				6F039D6C2C4F128C0062AB63 /* Sources */,
				6F039D6D2C4F128C0062AB63 /* Frameworks */,
				6F039D6E2C4F128C0062AB63 /* Resources */,
			);
			buildRules = (
			);
			dependencies = (
			);
			name = PueblosMagicos;
			productName = PueblosMagicos;
			productReference = 6F039D702C4F128C0062AB63 /* PueblosMagicos.app */;
			productType = "com.apple.product-type.application";
		};
/* End PBXNativeTarget section */

/* Begin PBXProject section */
		6F039D682C4F128C0062AB63 /* Project object */ = {
			isa = PBXProject;
			attributes = {
				BuildIndependentTargetsInParallel = 1;
				LastSwiftUpdateCheck = 1520;
				LastUpgradeCheck = 1520;
				TargetAttributes = {
					6F039D6F2C4F128C0062AB63 = {
						CreatedOnToolsVersion = 15.2;
					};
				};
			};
			buildConfigurationList = 6F039D6B2C4F128C0062AB63 /* Build configuration list for PBXProject "PueblosMagicos" */;
			compatibilityVersion = "Xcode 14.0";
			developmentRegion = en;
			hasScannedForEncodings = 0;
			knownRegions = (
				en,
				Base,
			);
			mainGroup = 6F039D672C4F128C0062AB63;
			productRefGroup = 6F039D712C4F128C0062AB63 /* Products */;
			projectDirPath = "";
			projectRoot = "";
			targets = (
				6F039D6F2C4F128C0062AB63 /* PueblosMagicos */,
			);
		};
/* End PBXProject section */

/* Begin PBXResourcesBuildPhase section */
		6F039D6E2C4F128C0062AB63 /* Resources */ = {
			isa = PBXResourcesBuildPhase;
			buildActionMask = 2147483647;
			files = (
				6F039D7B2C4F128F0062AB63 /* Preview Assets.xcassets in Resources */,
				6F039D822C4F12BC0062AB63 /* data.json in Resources */,
				6F039D782C4F128F0062AB63 /* Assets.xcassets in Resources */,
			);
			runOnlyForDeploymentPostprocessing = 0;
		};
/* End PBXResourcesBuildPhase section */

/* Begin PBXSourcesBuildPhase section */
		6F039D6C2C4F128C0062AB63 /* Sources */ = {
			isa = PBXSourcesBuildPhase;
			buildActionMask = 2147483647;
			files = (
				6F7859A62C53051D00644762 /* DataService.swift in Sources */,
				6F4F5D182C5090D2008CC9D9 /* PueblosCard.swift in Sources */,
				6F7859A02C51970200644762 /* StateButton.swift in Sources */,
				6F4F5D162C5090B8008CC9D9 /* StateCard.swift in Sources */,
				6F039D762C4F128C0062AB63 /* MainView.swift in Sources */,
				6F4F5D1A2C5090E1008CC9D9 /* DetailView.swift in Sources */,
				6F7859A22C519C7800644762 /* State.swift in Sources */,
				6F7859A42C519C8A00644762 /* Pueblo.swift in Sources */,
				6F039D742C4F128C0062AB63 /* PueblosMagicosApp.swift in Sources */,
			);
			runOnlyForDeploymentPostprocessing = 0;
		};
/* End PBXSourcesBuildPhase section */

/* Begin XCBuildConfiguration section */
		6F039D7C2C4F128F0062AB63 /* Debug */ = {
			isa = XCBuildConfiguration;
			buildSettings = {
				ALWAYS_SEARCH_USER_PATHS = NO;
				ASSETCATALOG_COMPILER_GENERATE_SWIFT_ASSET_SYMBOL_EXTENSIONS = YES;
				CLANG_ANALYZER_NONNULL = YES;
				CLANG_ANALYZER_NUMBER_OBJECT_CONVERSION = YES_AGGRESSIVE;
				CLANG_CXX_LANGUAGE_STANDARD = "gnu++20";
				CLANG_ENABLE_MODULES = YES;
				CLANG_ENABLE_OBJC_ARC = YES;
				CLANG_ENABLE_OBJC_WEAK = YES;
				CLANG_WARN_BLOCK_CAPTURE_AUTORELEASING = YES;
				CLANG_WARN_BOOL_CONVERSION = YES;
				CLANG_WARN_COMMA = YES;
				CLANG_WARN_CONSTANT_CONVERSION = YES;
				CLANG_WARN_DEPRECATED_OBJC_IMPLEMENTATIONS = YES;
				CLANG_WARN_DIRECT_OBJC_ISA_USAGE = YES_ERROR;
				CLANG_WARN_DOCUMENTATION_COMMENTS = YES;
				CLANG_WARN_EMPTY_BODY = YES;
				CLANG_WARN_ENUM_CONVERSION = YES;
				CLANG_WARN_INFINITE_RECURSION = YES;
				CLANG_WARN_INT_CONVERSION = YES;
				CLANG_WARN_NON_LITERAL_NULL_CONVERSION = YES;
				CLANG_WARN_OBJC_IMPLICIT_RETAIN_SELF = YES;
				CLANG_WARN_OBJC_LITERAL_CONVERSION = YES;
				CLANG_WARN_OBJC_ROOT_CLASS = YES_ERROR;
				CLANG_WARN_QUOTED_INCLUDE_IN_FRAMEWORK_HEADER = YES;
				CLANG_WARN_RANGE_LOOP_ANALYSIS = YES;
				CLANG_WARN_STRICT_PROTOTYPES = YES;
				CLANG_WARN_SUSPICIOUS_MOVE = YES;
				CLANG_WARN_UNGUARDED_AVAILABILITY = YES_AGGRESSIVE;
				CLANG_WARN_UNREACHABLE_CODE = YES;
				CLANG_WARN__DUPLICATE_METHOD_MATCH = YES;
				COPY_PHASE_STRIP = NO;
				DEBUG_INFORMATION_FORMAT = dwarf;
				ENABLE_STRICT_OBJC_MSGSEND = YES;
				ENABLE_TESTABILITY = YES;
				ENABLE_USER_SCRIPT_SANDBOXING = YES;
				GCC_C_LANGUAGE_STANDARD = gnu17;
				GCC_DYNAMIC_NO_PIC = NO;
				GCC_NO_COMMON_BLOCKS = YES;
				GCC_OPTIMIZATION_LEVEL = 0;
				GCC_PREPROCESSOR_DEFINITIONS = (
					"DEBUG=1",
					"$(inherited)",
				);
				GCC_WARN_64_TO_32_BIT_CONVERSION = YES;
				GCC_WARN_ABOUT_RETURN_TYPE = YES_ERROR;
				GCC_WARN_UNDECLARED_SELECTOR = YES;
				GCC_WARN_UNINITIALIZED_AUTOS = YES_AGGRESSIVE;
				GCC_WARN_UNUSED_FUNCTION = YES;
				GCC_WARN_UNUSED_VARIABLE = YES;
				IPHONEOS_DEPLOYMENT_TARGET = 17.2;
				LOCALIZATION_PREFERS_STRING_CATALOGS = YES;
				MTL_ENABLE_DEBUG_INFO = INCLUDE_SOURCE;
				MTL_FAST_MATH = YES;
				ONLY_ACTIVE_ARCH = YES;
				SDKROOT = iphoneos;
				SWIFT_ACTIVE_COMPILATION_CONDITIONS = "DEBUG $(inherited)";
				SWIFT_OPTIMIZATION_LEVEL = "-Onone";
			};
			name = Debug;
		};
		6F039D7D2C4F128F0062AB63 /* Release */ = {
			isa = XCBuildConfiguration;
			buildSettings = {
				ALWAYS_SEARCH_USER_PATHS = NO;
				ASSETCATALOG_COMPILER_GENERATE_SWIFT_ASSET_SYMBOL_EXTENSIONS = YES;
				CLANG_ANALYZER_NONNULL = YES;
				CLANG_ANALYZER_NUMBER_OBJECT_CONVERSION = YES_AGGRESSIVE;
				CLANG_CXX_LANGUAGE_STANDARD = "gnu++20";
				CLANG_ENABLE_MODULES = YES;
				CLANG_ENABLE_OBJC_ARC = YES;
				CLANG_ENABLE_OBJC_WEAK = YES;
				CLANG_WARN_BLOCK_CAPTURE_AUTORELEASING = YES;
				CLANG_WARN_BOOL_CONVERSION = YES;
				CLANG_WARN_COMMA = YES;
				CLANG_WARN_CONSTANT_CONVERSION = YES;
				CLANG_WARN_DEPRECATED_OBJC_IMPLEMENTATIONS = YES;
				CLANG_WARN_DIRECT_OBJC_ISA_USAGE = YES_ERROR;
				CLANG_WARN_DOCUMENTATION_COMMENTS = YES;
				CLANG_WARN_EMPTY_BODY = YES;
				CLANG_WARN_ENUM_CONVERSION = YES;
				CLANG_WARN_INFINITE_RECURSION = YES;
				CLANG_WARN_INT_CONVERSION = YES;
				CLANG_WARN_NON_LITERAL_NULL_CONVERSION = YES;
				CLANG_WARN_OBJC_IMPLICIT_RETAIN_SELF = YES;
				CLANG_WARN_OBJC_LITERAL_CONVERSION = YES;
				CLANG_WARN_OBJC_ROOT_CLASS = YES_ERROR;
				CLANG_WARN_QUOTED_INCLUDE_IN_FRAMEWORK_HEADER = YES;
				CLANG_WARN_RANGE_LOOP_ANALYSIS = YES;
				CLANG_WARN_STRICT_PROTOTYPES = YES;
				CLANG_WARN_SUSPICIOUS_MOVE = YES;
				CLANG_WARN_UNGUARDED_AVAILABILITY = YES_AGGRESSIVE;
				CLANG_WARN_UNREACHABLE_CODE = YES;
				CLANG_WARN__DUPLICATE_METHOD_MATCH = YES;
				COPY_PHASE_STRIP = NO;
				DEBUG_INFORMATION_FORMAT = "dwarf-with-dsym";
				ENABLE_NS_ASSERTIONS = NO;
				ENABLE_STRICT_OBJC_MSGSEND = YES;
				ENABLE_USER_SCRIPT_SANDBOXING = YES;
				GCC_C_LANGUAGE_STANDARD = gnu17;
				GCC_NO_COMMON_BLOCKS = YES;
				GCC_WARN_64_TO_32_BIT_CONVERSION = YES;
				GCC_WARN_ABOUT_RETURN_TYPE = YES_ERROR;
				GCC_WARN_UNDECLARED_SELECTOR = YES;
				GCC_WARN_UNINITIALIZED_AUTOS = YES_AGGRESSIVE;
				GCC_WARN_UNUSED_FUNCTION = YES;
				GCC_WARN_UNUSED_VARIABLE = YES;
				IPHONEOS_DEPLOYMENT_TARGET = 17.2;
				LOCALIZATION_PREFERS_STRING_CATALOGS = YES;
				MTL_ENABLE_DEBUG_INFO = NO;
				MTL_FAST_MATH = YES;
				SDKROOT = iphoneos;
				SWIFT_COMPILATION_MODE = wholemodule;
				VALIDATE_PRODUCT = YES;
			};
			name = Release;
		};
		6F039D7F2C4F128F0062AB63 /* Debug */ = {
			isa = XCBuildConfiguration;
			buildSettings = {
				ASSETCATALOG_COMPILER_APPICON_NAME = AppIcon;
				ASSETCATALOG_COMPILER_GLOBAL_ACCENT_COLOR_NAME = AccentColor;
				CODE_SIGN_STYLE = Automatic;
				CURRENT_PROJECT_VERSION = 1;
				DEVELOPMENT_ASSET_PATHS = "\"PueblosMagicos/Preview Content\"";
				DEVELOPMENT_TEAM = 352XRT73WP;
				ENABLE_PREVIEWS = YES;
				GENERATE_INFOPLIST_FILE = YES;
				INFOPLIST_KEY_UIApplicationSceneManifest_Generation = YES;
				INFOPLIST_KEY_UIApplicationSupportsIndirectInputEvents = YES;
				INFOPLIST_KEY_UILaunchScreen_Generation = YES;
				INFOPLIST_KEY_UISupportedInterfaceOrientations_iPad = "UIInterfaceOrientationPortrait UIInterfaceOrientationPortraitUpsideDown UIInterfaceOrientationLandscapeLeft UIInterfaceOrientationLandscapeRight";
				INFOPLIST_KEY_UISupportedInterfaceOrientations_iPhone = "UIInterfaceOrientationPortrait UIInterfaceOrientationLandscapeLeft UIInterfaceOrientationLandscapeRight";
				LD_RUNPATH_SEARCH_PATHS = (
					"$(inherited)",
					"@executable_path/Frameworks",
				);
				MARKETING_VERSION = 1.0;
				PRODUCT_BUNDLE_IDENTIFIER = com.lesleylopez.PueblosMagicos;
				PRODUCT_NAME = "$(TARGET_NAME)";
				SWIFT_EMIT_LOC_STRINGS = YES;
				SWIFT_VERSION = 5.0;
				TARGETED_DEVICE_FAMILY = "1,2";
			};
			name = Debug;
		};
		6F039D802C4F128F0062AB63 /* Release */ = {
			isa = XCBuildConfiguration;
			buildSettings = {
				ASSETCATALOG_COMPILER_APPICON_NAME = AppIcon;
				ASSETCATALOG_COMPILER_GLOBAL_ACCENT_COLOR_NAME = AccentColor;
				CODE_SIGN_STYLE = Automatic;
				CURRENT_PROJECT_VERSION = 1;
				DEVELOPMENT_ASSET_PATHS = "\"PueblosMagicos/Preview Content\"";
				DEVELOPMENT_TEAM = 352XRT73WP;
				ENABLE_PREVIEWS = YES;
				GENERATE_INFOPLIST_FILE = YES;
				INFOPLIST_KEY_UIApplicationSceneManifest_Generation = YES;
				INFOPLIST_KEY_UIApplicationSupportsIndirectInputEvents = YES;
				INFOPLIST_KEY_UILaunchScreen_Generation = YES;
				INFOPLIST_KEY_UISupportedInterfaceOrientations_iPad = "UIInterfaceOrientationPortrait UIInterfaceOrientationPortraitUpsideDown UIInterfaceOrientationLandscapeLeft UIInterfaceOrientationLandscapeRight";
				INFOPLIST_KEY_UISupportedInterfaceOrientations_iPhone = "UIInterfaceOrientationPortrait UIInterfaceOrientationLandscapeLeft UIInterfaceOrientationLandscapeRight";
				LD_RUNPATH_SEARCH_PATHS = (
					"$(inherited)",
					"@executable_path/Frameworks",
				);
				MARKETING_VERSION = 1.0;
				PRODUCT_BUNDLE_IDENTIFIER = com.lesleylopez.PueblosMagicos;
				PRODUCT_NAME = "$(TARGET_NAME)";
				SWIFT_EMIT_LOC_STRINGS = YES;
				SWIFT_VERSION = 5.0;
				TARGETED_DEVICE_FAMILY = "1,2";
			};
			name = Release;
		};
/* End XCBuildConfiguration section */

/* Begin XCConfigurationList section */
		6F039D6B2C4F128C0062AB63 /* Build configuration list for PBXProject "PueblosMagicos" */ = {
			isa = XCConfigurationList;
			buildConfigurations = (
				6F039D7C2C4F128F0062AB63 /* Debug */,
				6F039D7D2C4F128F0062AB63 /* Release */,
			);
			defaultConfigurationIsVisible = 0;
			defaultConfigurationName = Release;
		};
		6F039D7E2C4F128F0062AB63 /* Build configuration list for PBXNativeTarget "PueblosMagicos" */ = {
			isa = XCConfigurationList;
			buildConfigurations = (
				6F039D7F2C4F128F0062AB63 /* Debug */,
				6F039D802C4F128F0062AB63 /* Release */,
			);
			defaultConfigurationIsVisible = 0;
			defaultConfigurationName = Release;
		};
/* End XCConfigurationList section */
	};
	rootObject = 6F039D682C4F128C0062AB63 /* Project object */;
}
